// !$*UTF8*$!
{
	archiveVersion = 1;
	classes = {
	};
	objectVersion = 48;
	objects = {

/* Begin PBXBuildFile section */
		E79F3A151FC18B8F0045FEFB /* AppDelegate.swift in Sources */ = {isa = PBXBuildFile; fileRef = E79F3A141FC18B8F0045FEFB /* AppDelegate.swift */; };
		E79F3A171FC18B8F0045FEFB /* ViewController.swift in Sources */ = {isa = PBXBuildFile; fileRef = E79F3A161FC18B8F0045FEFB /* ViewController.swift */; };
		E79F3A1A1FC18B8F0045FEFB /* Main.storyboard in Resources */ = {isa = PBXBuildFile; fileRef = E79F3A181FC18B8F0045FEFB /* Main.storyboard */; };
		E79F3A1C1FC18B8F0045FEFB /* Assets.xcassets in Resources */ = {isa = PBXBuildFile; fileRef = E79F3A1B1FC18B8F0045FEFB /* Assets.xcassets */; };
		E79F3A1F1FC18B8F0045FEFB /* LaunchScreen.storyboard in Resources */ = {isa = PBXBuildFile; fileRef = E79F3A1D1FC18B8F0045FEFB /* LaunchScreen.storyboard */; };
		E79F3A291FC18D710045FEFB /* OmikuziViewController.swift in Sources */ = {isa = PBXBuildFile; fileRef = E79F3A281FC18D710045FEFB /* OmikuziViewController.swift */; };
/* End PBXBuildFile section */

/* Begin PBXFileReference section */
		E79F3A111FC18B8F0045FEFB /* omikuzi.app */ = {isa = PBXFileReference; explicitFileType = wrapper.application; includeInIndex = 0; path = omikuzi.app; sourceTree = BUILT_PRODUCTS_DIR; };
		E79F3A141FC18B8F0045FEFB /* AppDelegate.swift */ = {isa = PBXFileReference; lastKnownFileType = sourcecode.swift; path = AppDelegate.swift; sourceTree = "<group>"; };
		E79F3A161FC18B8F0045FEFB /* ViewController.swift */ = {isa = PBXFileReference; lastKnownFileType = sourcecode.swift; path = ViewController.swift; sourceTree = "<group>"; };
		E79F3A191FC18B8F0045FEFB /* Base */ = {isa = PBXFileReference; lastKnownFileType = file.storyboard; name = Base; path = Base.lproj/Main.storyboard; sourceTree = "<group>"; };
		E79F3A1B1FC18B8F0045FEFB /* Assets.xcassets */ = {isa = PBXFileReference; lastKnownFileType = folder.assetcatalog; path = Assets.xcassets; sourceTree = "<group>"; };
		E79F3A1E1FC18B8F0045FEFB /* Base */ = {isa = PBXFileReference; lastKnownFileType = file.storyboard; name = Base; path = Base.lproj/LaunchScreen.storyboard; sourceTree = "<group>"; };
		E79F3A201FC18B8F0045FEFB /* Info.plist */ = {isa = PBXFileReference; lastKnownFileType = text.plist.xml; path = Info.plist; sourceTree = "<group>"; };
		E79F3A281FC18D710045FEFB /* OmikuziViewController.swift */ = {isa = PBXFileReference; lastKnownFileType = sourcecode.swift; path = OmikuziViewController.swift; sourceTree = "<group>"; };
/* End PBXFileReference section */

/* Begin PBXFrameworksBuildPhase section */
		E79F3A0E1FC18B8F0045FEFB /* Frameworks */ = {
			isa = PBXFrameworksBuildPhase;
			buildActionMask = 2147483647;
			files = (
			);
			runOnlyForDeploymentPostprocessing = 0;
		};
/* End PBXFrameworksBuildPhase section */

/* Begin PBXGroup section */
		E79F3A081FC18B8F0045FEFB = {
			isa = PBXGroup;
			children = (
				E79F3A131FC18B8F0045FEFB /* omikuzi */,
				E79F3A121FC18B8F0045FEFB /* Products */,
			);
			sourceTree = "<group>";
		};
		E79F3A121FC18B8F0045FEFB /* Products */ = {
			isa = PBXGroup;
			children = (
				E79F3A111FC18B8F0045FEFB /* omikuzi.app */,
			);
			name = Products;
			sourceTree = "<group>";
		};
		E79F3A131FC18B8F0045FEFB /* omikuzi */ = {
			isa = PBXGroup;
			children = (
				E79F3A141FC18B8F0045FEFB /* AppDelegate.swift */,
				E79F3A161FC18B8F0045FEFB /* ViewController.swift */,
				E79F3A181FC18B8F0045FEFB /* Main.storyboard */,
				E79F3A281FC18D710045FEFB /* OmikuziViewController.swift */,
				E79F3A1B1FC18B8F0045FEFB /* Assets.xcassets */,
				E79F3A1D1FC18B8F0045FEFB /* LaunchScreen.storyboard */,
				E79F3A201FC18B8F0045FEFB /* Info.plist */,
			);
			path = omikuzi;
			sourceTree = "<group>";
		};
/* End PBXGroup section */

/* Begin PBXNativeTarget section */
		E79F3A101FC18B8F0045FEFB /* omikuzi */ = {
			isa = PBXNativeTarget;
			buildConfigurationList = E79F3A231FC18B8F0045FEFB /* Build configuration list for PBXNativeTarget "omikuzi" */;
			buildPhases = (
				E79F3A0D1FC18B8F0045FEFB /* Sources */,
				E79F3A0E1FC18B8F0045FEFB /* Frameworks */,
				E79F3A0F1FC18B8F0045FEFB /* Resources */,
			);
			buildRules = (
			);
			dependencies = (
			);
			name = omikuzi;
			productName = omikuzi;
			productReference = E79F3A111FC18B8F0045FEFB /* omikuzi.app */;
			productType = "com.apple.product-type.application";
		};
/* End PBXNativeTarget section */

/* Begin PBXProject section */
		E79F3A091FC18B8F0045FEFB /* Project object */ = {
			isa = PBXProject;
			attributes = {
				LastSwiftUpdateCheck = 0900;
				LastUpgradeCheck = 0900;
				ORGANIZATIONNAME = ami;
				TargetAttributes = {
					E79F3A101FC18B8F0045FEFB = {
						CreatedOnToolsVersion = 9.0;
						ProvisioningStyle = Automatic;
					};
				};
			};
			buildConfigurationList = E79F3A0C1FC18B8F0045FEFB /* Build configuration list for PBXProject "omikuzi" */;
			compatibilityVersion = "Xcode 8.0";
			developmentRegion = en;
			hasScannedForEncodings = 0;
			knownRegions = (
				en,
				Base,
			);
			mainGroup = E79F3A081FC18B8F0045FEFB;
			productRefGroup = E79F3A121FC18B8F0045FEFB /* Products */;
			projectDirPath = "";
			projectRoot = "";
			targets = (
				E79F3A101FC18B8F0045FEFB /* omikuzi */,
			);
		};
/* End PBXProject section */

/* Begin PBXResourcesBuildPhase section */
		E79F3A0F1FC18B8F0045FEFB /* Resources */ = {
			isa = PBXResourcesBuildPhase;
			buildActionMask = 2147483647;
			files = (
				E79F3A1F1FC18B8F0045FEFB /* LaunchScreen.storyboard in Resources */,
				E79F3A1C1FC18B8F0045FEFB /* Assets.xcassets in Resources */,
				E79F3A1A1FC18B8F0045FEFB /* Main.storyboard in Resources */,
			);
			runOnlyForDeploymentPostprocessing = 0;
		};
/* End PBXResourcesBuildPhase section */

/* Begin PBXSourcesBuildPhase section */
		E79F3A0D1FC18B8F0045FEFB /* Sources */ = {
			isa = PBXSourcesBuildPhase;
			buildActionMask = 2147483647;
			files = (
				E79F3A171FC18B8F0045FEFB /* ViewController.swift in Sources */,
				E79F3A291FC18D710045FEFB /* OmikuziViewController.swift in Sources */,
				E79F3A151FC18B8F0045FEFB /* AppDelegate.swift in Sources */,
			);
			runOnlyForDeploymentPostprocessing = 0;
		};
/* End PBXSourcesBuildPhase section */

/* Begin PBXVariantGroup section */
		E79F3A181FC18B8F0045FEFB /* Main.storyboard */ = {
			isa = PBXVariantGroup;
			children = (
				E79F3A191FC18B8F0045FEFB /* Base */,
			);
			name = Main.storyboard;
			sourceTree = "<group>";
		};
		E79F3A1D1FC18B8F0045FEFB /* LaunchScreen.storyboard */ = {
			isa = PBXVariantGroup;
			children = (
				E79F3A1E1FC18B8F0045FEFB /* Base */,
			);
			name = LaunchScreen.storyboard;
			sourceTree = "<group>";
		};
/* End PBXVariantGroup section */

/* Begin XCBuildConfiguration section */
		E79F3A211FC18B8F0045FEFB /* Debug */ = {
			isa = XCBuildConfiguration;
			buildSettings = {
				ALWAYS_SEARCH_USER_PATHS = NO;
				CLANG_ANALYZER_NONNULL = YES;
				CLANG_ANALYZER_NUMBER_OBJECT_CONVERSION = YES_AGGRESSIVE;
				CLANG_CXX_LANGUAGE_STANDARD = "gnu++14";
				CLANG_CXX_LIBRARY = "libc++";
				CLANG_ENABLE_MODULES = YES;
				CLANG_ENABLE_OBJC_ARC = YES;
				CLANG_WARN_BLOCK_CAPTURE_AUTORELEASING = YES;
				CLANG_WARN_BOOL_CONVERSION = YES;
				CLANG_WARN_COMMA = YES;
				CLANG_WARN_CONSTANT_CONVERSION = YES;
				CLANG_WARN_DIRECT_OBJC_ISA_USAGE = YES_ERROR;
				CLANG_WARN_DOCUMENTATION_COMMENTS = YES;
				CLANG_WARN_EMPTY_BODY = YES;
				CLANG_WARN_ENUM_CONVERSION = YES;
				CLANG_WARN_INFINITE_RECURSION = YES;
				CLANG_WARN_INT_CONVERSION = YES;
				CLANG_WARN_NON_LITERAL_NULL_CONVERSION = YES;
				CLANG_WARN_OBJC_LITERAL_CONVERSION = YES;
				CLANG_WARN_OBJC_ROOT_CLASS = YES_ERROR;
				CLANG_WARN_RANGE_LOOP_ANALYSIS = YES;
				CLANG_WARN_STRICT_PROTOTYPES = YES;
				CLANG_WARN_SUSPICIOUS_MOVE = YES;
				CLANG_WARN_UNGUARDED_AVAILABILITY = YES_AGGRESSIVE;
				CLANG_WARN_UNREACHABLE_CODE = YES;
				CLANG_WARN__DUPLICATE_METHOD_MATCH = YES;
				CODE_SIGN_IDENTITY = "iPhone Developer";
				COPY_PHASE_STRIP = NO;
				DEBUG_INFORMATION_FORMAT = dwarf;
				ENABLE_STRICT_OBJC_MSGSEND = YES;
				ENABLE_TESTABILITY = YES;
				GCC_C_LANGUAGE_STANDARD = gnu11;
				GCC_DYNAMIC_NO_PIC = NO;
				GCC_NO_COMMON_BLOCKS = YES;
				GCC_OPTIMIZATION_LEVEL = 0;
				GCC_PREPROCESSOR_DEFINITIONS = (
					"DEBUG=1",
					"$(inherited)",
				);
				GCC_WARN_64_TO_32_BIT_CONVERSION = YES;
				GCC_WARN_ABOUT_RETURN_TYPE = YES_ERROR;
				GCC_WARN_UNDECLARED_SELECTOR = YES;
				GCC_WARN_UNINITIALIZED_AUTOS = YES_AGGRESSIVE;
				GCC_WARN_UNUSED_FUNCTION = YES;
				GCC_WARN_UNUSED_VARIABLE = YES;
				IPHONEOS_DEPLOYMENT_TARGET = 11.0;
				MTL_ENABLE_DEBUG_INFO = YES;
				ONLY_ACTIVE_ARCH = YES;
				SDKROOT = iphoneos;
				SWIFT_ACTIVE_COMPILATION_CONDITIONS = DEBUG;
				SWIFT_OPTIMIZATION_LEVEL = "-Onone";
			};
			name = Debug;
		};
		E79F3A221FC18B8F0045FEFB /* Release */ = {
			isa = XCBuildConfiguration;
			buildSettings = {
				ALWAYS_SEARCH_USER_PATHS = NO;
				CLANG_ANALYZER_NONNULL = YES;
				CLANG_ANALYZER_NUMBER_OBJECT_CONVERSION = YES_AGGRESSIVE;
				CLANG_CXX_LANGUAGE_STANDARD = "gnu++14";
				CLANG_CXX_LIBRARY = "libc++";
				CLANG_ENABLE_MODULES = YES;
				CLANG_ENABLE_OBJC_ARC = YES;
				CLANG_WARN_BLOCK_CAPTURE_AUTORELEASING = YES;
				CLANG_WARN_BOOL_CONVERSION = YES;
				CLANG_WARN_COMMA = YES;
				CLANG_WARN_CONSTANT_CONVERSION = YES;
				CLANG_WARN_DIRECT_OBJC_ISA_USAGE = YES_ERROR;
				CLANG_WARN_DOCUMENTATION_COMMENTS = YES;
				CLANG_WARN_EMPTY_BODY = YES;
				CLANG_WARN_ENUM_CONVERSION = YES;
				CLANG_WARN_INFINITE_RECURSION = YES;
				CLANG_WARN_INT_CONVERSION = YES;
				CLANG_WARN_NON_LITERAL_NULL_CONVERSION = YES;
				CLANG_WARN_OBJC_LITERAL_CONVERSION = YES;
				CLANG_WARN_OBJC_ROOT_CLASS = YES_ERROR;
				CLANG_WARN_RANGE_LOOP_ANALYSIS = YES;
				CLANG_WARN_STRICT_PROTOTYPES = YES;
				CLANG_WARN_SUSPICIOUS_MOVE = YES;
				CLANG_WARN_UNGUARDED_AVAILABILITY = YES_AGGRESSIVE;
				CLANG_WARN_UNREACHABLE_CODE = YES;
				CLANG_WARN__DUPLICATE_METHOD_MATCH = YES;
				CODE_SIGN_IDENTITY = "iPhone Developer";
				COPY_PHASE_STRIP = NO;
				DEBUG_INFORMATION_FORMAT = "dwarf-with-dsym";
				ENABLE_NS_ASSERTIONS = NO;
				ENABLE_STRICT_OBJC_MSGSEND = YES;
				GCC_C_LANGUAGE_STANDARD = gnu11;
				GCC_NO_COMMON_BLOCKS = YES;
				GCC_WARN_64_TO_32_BIT_CONVERSION = YES;
				GCC_WARN_ABOUT_RETURN_TYPE = YES_ERROR;
				GCC_WARN_UNDECLARED_SELECTOR = YES;
				GCC_WARN_UNINITIALIZED_AUTOS = YES_AGGRESSIVE;
				GCC_WARN_UNUSED_FUNCTION = YES;
				GCC_WARN_UNUSED_VARIABLE = YES;
				IPHONEOS_DEPLOYMENT_TARGET = 11.0;
				MTL_ENABLE_DEBUG_INFO = NO;
				SDKROOT = iphoneos;
				SWIFT_OPTIMIZATION_LEVEL = "-Owholemodule";
				VALIDATE_PRODUCT = YES;
			};
			name = Release;
		};
		E79F3A241FC18B8F0045FEFB /* Debug */ = {
			isa = XCBuildConfiguration;
			buildSettings = {
				ASSETCATALOG_COMPILER_APPICON_NAME = AppIcon;
				CODE_SIGN_STYLE = Automatic;
				INFOPLIST_FILE = omikuzi/Info.plist;
				LD_RUNPATH_SEARCH_PATHS = "$(inherited) @executable_path/Frameworks";
				PRODUCT_BUNDLE_IDENTIFIER = com.ami.omikuzi;
				PRODUCT_NAME = "$(TARGET_NAME)";
				SWIFT_VERSION = 4.0;
				TARGETED_DEVICE_FAMILY = "1,2";
			};
			name = Debug;
		};
		E79F3A251FC18B8F0045FEFB /* Release */ = {
			isa = XCBuildConfiguration;
			buildSettings = {
				ASSETCATALOG_COMPILER_APPICON_NAME = AppIcon;
				CODE_SIGN_STYLE = Automatic;
				INFOPLIST_FILE = omikuzi/Info.plist;
				LD_RUNPATH_SEARCH_PATHS = "$(inherited) @executable_path/Frameworks";
				PRODUCT_BUNDLE_IDENTIFIER = com.ami.omikuzi;
				PRODUCT_NAME = "$(TARGET_NAME)";
				SWIFT_VERSION = 4.0;
				TARGETED_DEVICE_FAMILY = "1,2";
			};
			name = Release;
		};
/* End XCBuildConfiguration section */

/* Begin XCConfigurationList section */
		E79F3A0C1FC18B8F0045FEFB /* Build configuration list for PBXProject "omikuzi" */ = {
			isa = XCConfigurationList;
			buildConfigurations = (
				E79F3A211FC18B8F0045FEFB /* Debug */,
				E79F3A221FC18B8F0045FEFB /* Release */,
			);
			defaultConfigurationIsVisible = 0;
			defaultConfigurationName = Release;
		};
		E79F3A231FC18B8F0045FEFB /* Build configuration list for PBXNativeTarget "omikuzi" */ = {
			isa = XCConfigurationList;
			buildConfigurations = (
				E79F3A241FC18B8F0045FEFB /* Debug */,
				E79F3A251FC18B8F0045FEFB /* Release */,
			);
			defaultConfigurationIsVisible = 0;
			defaultConfigurationName = Release;
		};
/* End XCConfigurationList section */
	};
	rootObject = E79F3A091FC18B8F0045FEFB /* Project object */;
}
